// !$*UTF8*$!
{
	archiveVersion = 1;
	classes = {
	};
	objectVersion = 46;
	objects = {

/* Begin PBXBuildFile section */
		05238F222264C1680092DF07 /* AppDelegate.swift in Sources */ = {isa = PBXBuildFile; fileRef = 05238F212264C1680092DF07 /* AppDelegate.swift */; };
		05238F242264C1680092DF07 /* ViewController.swift in Sources */ = {isa = PBXBuildFile; fileRef = 05238F232264C1680092DF07 /* ViewController.swift */; };
		05238F272264C1680092DF07 /* Main.storyboard in Resources */ = {isa = PBXBuildFile; fileRef = 05238F252264C1680092DF07 /* Main.storyboard */; };
		05238F292264C1690092DF07 /* Assets.xcassets in Resources */ = {isa = PBXBuildFile; fileRef = 05238F282264C1690092DF07 /* Assets.xcassets */; };
		05238F2C2264C1690092DF07 /* LaunchScreen.storyboard in Resources */ = {isa = PBXBuildFile; fileRef = 05238F2A2264C1690092DF07 /* LaunchScreen.storyboard */; };
		05A8B50B24AE2E6E009436BE /* PagedTableViewViewController.swift in Sources */ = {isa = PBXBuildFile; fileRef = 05A8B50524AE2E6E009436BE /* PagedTableViewViewController.swift */; };
		05A8B50C24AE2E6E009436BE /* TestDataViewModel.swift in Sources */ = {isa = PBXBuildFile; fileRef = 05A8B50624AE2E6E009436BE /* TestDataViewModel.swift */; };
		05A8B50D24AE2E6E009436BE /* TestTableViewDataSource.swift in Sources */ = {isa = PBXBuildFile; fileRef = 05A8B50724AE2E6E009436BE /* TestTableViewDataSource.swift */; };
		05A8B50E24AE2E6E009436BE /* EmptyDataView.swift in Sources */ = {isa = PBXBuildFile; fileRef = 05A8B50824AE2E6E009436BE /* EmptyDataView.swift */; };
		05A8B50F24AE2E6E009436BE /* EmptyDataView.xib in Resources */ = {isa = PBXBuildFile; fileRef = 05A8B50924AE2E6E009436BE /* EmptyDataView.xib */; };
		05A8B51024AE2E6E009436BE /* CustomTableView.swift in Sources */ = {isa = PBXBuildFile; fileRef = 05A8B50A24AE2E6E009436BE /* CustomTableView.swift */; };
		05A8B51224AE2E7B009436BE /* PagedTableView.storyboard in Resources */ = {isa = PBXBuildFile; fileRef = 05A8B51124AE2E7B009436BE /* PagedTableView.storyboard */; };
		05A8B51824AEF9D2009436BE /* SafeAreaLayoutConstraintViewController.swift in Sources */ = {isa = PBXBuildFile; fileRef = 05A8B51724AEF9D2009436BE /* SafeAreaLayoutConstraintViewController.swift */; };
		05A8B51A24AEFA0A009436BE /* SafeAreaLayoutConstraint.storyboard in Resources */ = {isa = PBXBuildFile; fileRef = 05A8B51924AEFA0A009436BE /* SafeAreaLayoutConstraint.storyboard */; };
		0693E0DBCD8ED665E2209539 /* Pods_YipYipSwiftExample.framework in Frameworks */ = {isa = PBXBuildFile; fileRef = 0093EE8721362ED0B08A7E01 /* Pods_YipYipSwiftExample.framework */; };
		4626D8F229CB53000046145C /* SwiftUI.storyboard in Resources */ = {isa = PBXBuildFile; fileRef = 4626D8F129CB53000046145C /* SwiftUI.storyboard */; };
		4626D8F429CB534D0046145C /* SwiftUIViewController.swift in Sources */ = {isa = PBXBuildFile; fileRef = 4626D8F329CB534D0046145C /* SwiftUIViewController.swift */; };
		4626D8FA29CB56C10046145C /* SwiftUIMain.swift in Sources */ = {isa = PBXBuildFile; fileRef = 4626D8F929CB56C10046145C /* SwiftUIMain.swift */; };
		4626D8FD29CB691B0046145C /* SwiftUIMainState.swift in Sources */ = {isa = PBXBuildFile; fileRef = 4626D8FC29CB691B0046145C /* SwiftUIMainState.swift */; };
		4626D8FF29CB6AC90046145C /* PagedTableViewViewControllerRepresentable.swift in Sources */ = {isa = PBXBuildFile; fileRef = 4626D8FE29CB6AC90046145C /* PagedTableViewViewControllerRepresentable.swift */; };
		4626D90229CB6B190046145C /* ViewControllerFactory.swift in Sources */ = {isa = PBXBuildFile; fileRef = 4626D90129CB6B190046145C /* ViewControllerFactory.swift */; };
		4626D90729CB72CF0046145C /* ButtonView.swift in Sources */ = {isa = PBXBuildFile; fileRef = 4626D90629CB72CF0046145C /* ButtonView.swift */; };
		4626D90929CB74280046145C /* SwiftUIDemoViewController.swift in Sources */ = {isa = PBXBuildFile; fileRef = 4626D90829CB74280046145C /* SwiftUIDemoViewController.swift */; };
		4626D90B29CB762B0046145C /* ButtonViewHostingView.swift in Sources */ = {isa = PBXBuildFile; fileRef = 4626D90A29CB762A0046145C /* ButtonViewHostingView.swift */; };
		4626D90E29CB784B0046145C /* CardView.xib in Resources */ = {isa = PBXBuildFile; fileRef = 4626D90D29CB784B0046145C /* CardView.xib */; };
		4626D91029CB785B0046145C /* CardView.swift in Sources */ = {isa = PBXBuildFile; fileRef = 4626D90F29CB785B0046145C /* CardView.swift */; };
		4661D60329CB7A21005D952D /* CardViewIntrinsicHeightRepresentable.swift in Sources */ = {isa = PBXBuildFile; fileRef = 4661D60229CB7A21005D952D /* CardViewIntrinsicHeightRepresentable.swift */; };
		4661D60629CC5589005D952D /* CardViewIntrinsicWidthRepresentable.swift in Sources */ = {isa = PBXBuildFile; fileRef = 4661D60529CC5589005D952D /* CardViewIntrinsicWidthRepresentable.swift */; };
		607FACEC1AFB9204008FA782 /* Tests.swift in Sources */ = {isa = PBXBuildFile; fileRef = 607FACEB1AFB9204008FA782 /* Tests.swift */; };
/* End PBXBuildFile section */

/* Begin PBXFileReference section */
		0093EE8721362ED0B08A7E01 /* Pods_YipYipSwiftExample.framework */ = {isa = PBXFileReference; explicitFileType = wrapper.framework; includeInIndex = 0; path = Pods_YipYipSwiftExample.framework; sourceTree = BUILT_PRODUCTS_DIR; };
		05238F1F2264C1680092DF07 /* YipYipSwiftExample.app */ = {isa = PBXFileReference; explicitFileType = wrapper.application; includeInIndex = 0; path = YipYipSwiftExample.app; sourceTree = BUILT_PRODUCTS_DIR; };
		05238F212264C1680092DF07 /* AppDelegate.swift */ = {isa = PBXFileReference; lastKnownFileType = sourcecode.swift; path = AppDelegate.swift; sourceTree = "<group>"; };
		05238F232264C1680092DF07 /* ViewController.swift */ = {isa = PBXFileReference; lastKnownFileType = sourcecode.swift; path = ViewController.swift; sourceTree = "<group>"; };
		05238F262264C1680092DF07 /* Base */ = {isa = PBXFileReference; lastKnownFileType = file.storyboard; name = Base; path = Base.lproj/Main.storyboard; sourceTree = "<group>"; };
		05238F282264C1690092DF07 /* Assets.xcassets */ = {isa = PBXFileReference; lastKnownFileType = folder.assetcatalog; path = Assets.xcassets; sourceTree = "<group>"; };
		05238F2B2264C1690092DF07 /* Base */ = {isa = PBXFileReference; lastKnownFileType = file.storyboard; name = Base; path = Base.lproj/LaunchScreen.storyboard; sourceTree = "<group>"; };
		05238F2D2264C1690092DF07 /* Info.plist */ = {isa = PBXFileReference; lastKnownFileType = text.plist.xml; path = Info.plist; sourceTree = "<group>"; };
		05A8B50524AE2E6E009436BE /* PagedTableViewViewController.swift */ = {isa = PBXFileReference; fileEncoding = 4; lastKnownFileType = sourcecode.swift; path = PagedTableViewViewController.swift; sourceTree = "<group>"; };
		05A8B50624AE2E6E009436BE /* TestDataViewModel.swift */ = {isa = PBXFileReference; fileEncoding = 4; lastKnownFileType = sourcecode.swift; path = TestDataViewModel.swift; sourceTree = "<group>"; };
		05A8B50724AE2E6E009436BE /* TestTableViewDataSource.swift */ = {isa = PBXFileReference; fileEncoding = 4; lastKnownFileType = sourcecode.swift; path = TestTableViewDataSource.swift; sourceTree = "<group>"; };
		05A8B50824AE2E6E009436BE /* EmptyDataView.swift */ = {isa = PBXFileReference; fileEncoding = 4; lastKnownFileType = sourcecode.swift; path = EmptyDataView.swift; sourceTree = "<group>"; };
		05A8B50924AE2E6E009436BE /* EmptyDataView.xib */ = {isa = PBXFileReference; fileEncoding = 4; lastKnownFileType = file.xib; path = EmptyDataView.xib; sourceTree = "<group>"; };
		05A8B50A24AE2E6E009436BE /* CustomTableView.swift */ = {isa = PBXFileReference; fileEncoding = 4; lastKnownFileType = sourcecode.swift; path = CustomTableView.swift; sourceTree = "<group>"; };
		05A8B51124AE2E7B009436BE /* PagedTableView.storyboard */ = {isa = PBXFileReference; fileEncoding = 4; lastKnownFileType = file.storyboard; path = PagedTableView.storyboard; sourceTree = "<group>"; };
		05A8B51724AEF9D2009436BE /* SafeAreaLayoutConstraintViewController.swift */ = {isa = PBXFileReference; fileEncoding = 4; lastKnownFileType = sourcecode.swift; path = SafeAreaLayoutConstraintViewController.swift; sourceTree = "<group>"; };
		05A8B51924AEFA0A009436BE /* SafeAreaLayoutConstraint.storyboard */ = {isa = PBXFileReference; lastKnownFileType = file.storyboard; path = SafeAreaLayoutConstraint.storyboard; sourceTree = "<group>"; };
		369E2EB3C09D72D233EE0E4A /* LICENSE */ = {isa = PBXFileReference; includeInIndex = 1; lastKnownFileType = text; name = LICENSE; path = ../LICENSE; sourceTree = "<group>"; };
		4626D8F129CB53000046145C /* SwiftUI.storyboard */ = {isa = PBXFileReference; lastKnownFileType = file.storyboard; path = SwiftUI.storyboard; sourceTree = "<group>"; };
		4626D8F329CB534D0046145C /* SwiftUIViewController.swift */ = {isa = PBXFileReference; lastKnownFileType = sourcecode.swift; path = SwiftUIViewController.swift; sourceTree = "<group>"; };
		4626D8F929CB56C10046145C /* SwiftUIMain.swift */ = {isa = PBXFileReference; lastKnownFileType = sourcecode.swift; path = SwiftUIMain.swift; sourceTree = "<group>"; };
		4626D8FC29CB691B0046145C /* SwiftUIMainState.swift */ = {isa = PBXFileReference; lastKnownFileType = sourcecode.swift; path = SwiftUIMainState.swift; sourceTree = "<group>"; };
		4626D8FE29CB6AC90046145C /* PagedTableViewViewControllerRepresentable.swift */ = {isa = PBXFileReference; lastKnownFileType = sourcecode.swift; path = PagedTableViewViewControllerRepresentable.swift; sourceTree = "<group>"; };
		4626D90129CB6B190046145C /* ViewControllerFactory.swift */ = {isa = PBXFileReference; lastKnownFileType = sourcecode.swift; path = ViewControllerFactory.swift; sourceTree = "<group>"; };
		4626D90629CB72CF0046145C /* ButtonView.swift */ = {isa = PBXFileReference; lastKnownFileType = sourcecode.swift; path = ButtonView.swift; sourceTree = "<group>"; };
		4626D90829CB74280046145C /* SwiftUIDemoViewController.swift */ = {isa = PBXFileReference; lastKnownFileType = sourcecode.swift; path = SwiftUIDemoViewController.swift; sourceTree = "<group>"; };
		4626D90A29CB762A0046145C /* ButtonViewHostingView.swift */ = {isa = PBXFileReference; lastKnownFileType = sourcecode.swift; path = ButtonViewHostingView.swift; sourceTree = "<group>"; };
		4626D90D29CB784B0046145C /* CardView.xib */ = {isa = PBXFileReference; lastKnownFileType = file.xib; path = CardView.xib; sourceTree = "<group>"; };
		4626D90F29CB785B0046145C /* CardView.swift */ = {isa = PBXFileReference; lastKnownFileType = sourcecode.swift; path = CardView.swift; sourceTree = "<group>"; };
		4661D60229CB7A21005D952D /* CardViewIntrinsicHeightRepresentable.swift */ = {isa = PBXFileReference; lastKnownFileType = sourcecode.swift; path = CardViewIntrinsicHeightRepresentable.swift; sourceTree = "<group>"; };
		4661D60529CC5589005D952D /* CardViewIntrinsicWidthRepresentable.swift */ = {isa = PBXFileReference; lastKnownFileType = sourcecode.swift; path = CardViewIntrinsicWidthRepresentable.swift; sourceTree = "<group>"; };
		607FACE51AFB9204008FA782 /* YipYipSwift_Tests.xctest */ = {isa = PBXFileReference; explicitFileType = wrapper.cfbundle; includeInIndex = 0; path = YipYipSwift_Tests.xctest; sourceTree = BUILT_PRODUCTS_DIR; };
		607FACEA1AFB9204008FA782 /* Info.plist */ = {isa = PBXFileReference; lastKnownFileType = text.plist.xml; path = Info.plist; sourceTree = "<group>"; };
		607FACEB1AFB9204008FA782 /* Tests.swift */ = {isa = PBXFileReference; lastKnownFileType = sourcecode.swift; path = Tests.swift; sourceTree = "<group>"; };
		64B787F8F8D0E0809AE804DF /* README.md */ = {isa = PBXFileReference; includeInIndex = 1; lastKnownFileType = net.daringfireball.markdown; name = README.md; path = ../README.md; sourceTree = "<group>"; };
		8EE817740B6F685C38186925 /* YipYipSwift.podspec */ = {isa = PBXFileReference; includeInIndex = 1; lastKnownFileType = text; name = YipYipSwift.podspec; path = ../YipYipSwift.podspec; sourceTree = "<group>"; xcLanguageSpecificationIdentifier = xcode.lang.ruby; };
		AB3C40829DC8F33B6F107C29 /* Pods-YipYipSwiftExample.release.xcconfig */ = {isa = PBXFileReference; includeInIndex = 1; lastKnownFileType = text.xcconfig; name = "Pods-YipYipSwiftExample.release.xcconfig"; path = "Pods/Target Support Files/Pods-YipYipSwiftExample/Pods-YipYipSwiftExample.release.xcconfig"; sourceTree = "<group>"; };
		EFCDB1436146EE17B62D2269 /* Pods-YipYipSwiftExample.debug.xcconfig */ = {isa = PBXFileReference; includeInIndex = 1; lastKnownFileType = text.xcconfig; name = "Pods-YipYipSwiftExample.debug.xcconfig"; path = "Pods/Target Support Files/Pods-YipYipSwiftExample/Pods-YipYipSwiftExample.debug.xcconfig"; sourceTree = "<group>"; };
		F962CBE8D2918CF68E3808CE /* Pods_YipYipSwift_Tests.framework */ = {isa = PBXFileReference; explicitFileType = wrapper.framework; includeInIndex = 0; path = Pods_YipYipSwift_Tests.framework; sourceTree = BUILT_PRODUCTS_DIR; };
/* End PBXFileReference section */

/* Begin PBXFrameworksBuildPhase section */
		05238F1C2264C1680092DF07 /* Frameworks */ = {
			isa = PBXFrameworksBuildPhase;
			buildActionMask = 2147483647;
			files = (
				0693E0DBCD8ED665E2209539 /* Pods_YipYipSwiftExample.framework in Frameworks */,
			);
			runOnlyForDeploymentPostprocessing = 0;
		};
		607FACE21AFB9204008FA782 /* Frameworks */ = {
			isa = PBXFrameworksBuildPhase;
			buildActionMask = 2147483647;
			files = (
			);
			runOnlyForDeploymentPostprocessing = 0;
		};
/* End PBXFrameworksBuildPhase section */

/* Begin PBXGroup section */
		05238F202264C1680092DF07 /* YipYipSwiftExample */ = {
			isa = PBXGroup;
			children = (
				05238F342264C45A0092DF07 /* Classes */,
				05238F382264C4A80092DF07 /* Resources */,
				05238F2D2264C1690092DF07 /* Info.plist */,
			);
			path = YipYipSwiftExample;
			sourceTree = "<group>";
		};
		05238F342264C45A0092DF07 /* Classes */ = {
			isa = PBXGroup;
			children = (
				4626D90029CB6B080046145C /* Factory */,
				05238F212264C1680092DF07 /* AppDelegate.swift */,
				05E6D86324AC8A810044A359 /* PagedTableVIew */,
				4626D8F529CB54D30046145C /* Views */,
			);
			path = Classes;
			sourceTree = "<group>";
		};
		05238F362264C4730092DF07 /* Storyboards */ = {
			isa = PBXGroup;
			children = (
				05A8B51124AE2E7B009436BE /* PagedTableView.storyboard */,
				05238F252264C1680092DF07 /* Main.storyboard */,
				05238F2A2264C1690092DF07 /* LaunchScreen.storyboard */,
				05A8B51924AEFA0A009436BE /* SafeAreaLayoutConstraint.storyboard */,
				4626D8F129CB53000046145C /* SwiftUI.storyboard */,
			);
			path = Storyboards;
			sourceTree = "<group>";
		};
		05238F372264C48B0092DF07 /* Controllers */ = {
			isa = PBXGroup;
			children = (
				05A8B51724AEF9D2009436BE /* SafeAreaLayoutConstraintViewController.swift */,
				05A8B50524AE2E6E009436BE /* PagedTableViewViewController.swift */,
				05238F232264C1680092DF07 /* ViewController.swift */,
				4626D8F329CB534D0046145C /* SwiftUIViewController.swift */,
				4626D90829CB74280046145C /* SwiftUIDemoViewController.swift */,
			);
			path = Controllers;
			sourceTree = "<group>";
		};
		05238F382264C4A80092DF07 /* Resources */ = {
			isa = PBXGroup;
			children = (
				05238F282264C1690092DF07 /* Assets.xcassets */,
			);
			path = Resources;
			sourceTree = "<group>";
		};
		05E6D86324AC8A810044A359 /* PagedTableVIew */ = {
			isa = PBXGroup;
			children = (
				05A8B50A24AE2E6E009436BE /* CustomTableView.swift */,
				05A8B50824AE2E6E009436BE /* EmptyDataView.swift */,
				05A8B50924AE2E6E009436BE /* EmptyDataView.xib */,
				05A8B50624AE2E6E009436BE /* TestDataViewModel.swift */,
				05A8B50724AE2E6E009436BE /* TestTableViewDataSource.swift */,
			);
			path = PagedTableVIew;
			sourceTree = "<group>";
		};
		1895EA913FBD3B073657E574 /* Frameworks */ = {
			isa = PBXGroup;
			children = (
				F962CBE8D2918CF68E3808CE /* Pods_YipYipSwift_Tests.framework */,
				0093EE8721362ED0B08A7E01 /* Pods_YipYipSwiftExample.framework */,
			);
			name = Frameworks;
			sourceTree = "<group>";
		};
		4626D8F529CB54D30046145C /* Views */ = {
			isa = PBXGroup;
			children = (
				4626D90329CB72AE0046145C /* Components */,
				4626D8FB29CB68F90046145C /* States */,
				4626D8F729CB56840046145C /* Interfaces */,
				05238F372264C48B0092DF07 /* Controllers */,
			);
			path = Views;
			sourceTree = "<group>";
		};
		4626D8F729CB56840046145C /* Interfaces */ = {
			isa = PBXGroup;
			children = (
				4626D90C29CB782A0046145C /* Nibs */,
				4626D8F829CB56A90046145C /* SwiftUI */,
				05238F362264C4730092DF07 /* Storyboards */,
			);
			path = Interfaces;
			sourceTree = "<group>";
		};
		4626D8F829CB56A90046145C /* SwiftUI */ = {
			isa = PBXGroup;
			children = (
				4626D8F929CB56C10046145C /* SwiftUIMain.swift */,
				4626D8FE29CB6AC90046145C /* PagedTableViewViewControllerRepresentable.swift */,
				4661D60229CB7A21005D952D /* CardViewIntrinsicHeightRepresentable.swift */,
				4661D60529CC5589005D952D /* CardViewIntrinsicWidthRepresentable.swift */,
			);
			path = SwiftUI;
			sourceTree = "<group>";
		};
		4626D8FB29CB68F90046145C /* States */ = {
			isa = PBXGroup;
			children = (
				4626D8FC29CB691B0046145C /* SwiftUIMainState.swift */,
			);
			path = States;
			sourceTree = "<group>";
		};
		4626D90029CB6B080046145C /* Factory */ = {
			isa = PBXGroup;
			children = (
				4626D90129CB6B190046145C /* ViewControllerFactory.swift */,
			);
			path = Factory;
			sourceTree = "<group>";
		};
		4626D90329CB72AE0046145C /* Components */ = {
			isa = PBXGroup;
			children = (
				4626D90629CB72CF0046145C /* ButtonView.swift */,
				4626D90A29CB762A0046145C /* ButtonViewHostingView.swift */,
				4626D90F29CB785B0046145C /* CardView.swift */,
			);
			path = Components;
			sourceTree = "<group>";
		};
		4626D90C29CB782A0046145C /* Nibs */ = {
			isa = PBXGroup;
			children = (
				4626D90D29CB784B0046145C /* CardView.xib */,
			);
			path = Nibs;
			sourceTree = "<group>";
		};
		607FACC71AFB9204008FA782 = {
			isa = PBXGroup;
			children = (
				607FACF51AFB993E008FA782 /* Podspec Metadata */,
				607FACE81AFB9204008FA782 /* Tests */,
				05238F202264C1680092DF07 /* YipYipSwiftExample */,
				607FACD11AFB9204008FA782 /* Products */,
				CD319B345B43849DD490220D /* Pods */,
				1895EA913FBD3B073657E574 /* Frameworks */,
			);
			sourceTree = "<group>";
		};
		607FACD11AFB9204008FA782 /* Products */ = {
			isa = PBXGroup;
			children = (
				607FACE51AFB9204008FA782 /* YipYipSwift_Tests.xctest */,
				05238F1F2264C1680092DF07 /* YipYipSwiftExample.app */,
			);
			name = Products;
			sourceTree = "<group>";
		};
		607FACE81AFB9204008FA782 /* Tests */ = {
			isa = PBXGroup;
			children = (
				607FACEB1AFB9204008FA782 /* Tests.swift */,
				607FACE91AFB9204008FA782 /* Supporting Files */,
			);
			path = Tests;
			sourceTree = "<group>";
		};
		607FACE91AFB9204008FA782 /* Supporting Files */ = {
			isa = PBXGroup;
			children = (
				607FACEA1AFB9204008FA782 /* Info.plist */,
			);
			name = "Supporting Files";
			sourceTree = "<group>";
		};
		607FACF51AFB993E008FA782 /* Podspec Metadata */ = {
			isa = PBXGroup;
			children = (
				8EE817740B6F685C38186925 /* YipYipSwift.podspec */,
				64B787F8F8D0E0809AE804DF /* README.md */,
				369E2EB3C09D72D233EE0E4A /* LICENSE */,
			);
			name = "Podspec Metadata";
			sourceTree = "<group>";
		};
		CD319B345B43849DD490220D /* Pods */ = {
			isa = PBXGroup;
			children = (
				EFCDB1436146EE17B62D2269 /* Pods-YipYipSwiftExample.debug.xcconfig */,
				AB3C40829DC8F33B6F107C29 /* Pods-YipYipSwiftExample.release.xcconfig */,
			);
			name = Pods;
			sourceTree = "<group>";
		};
/* End PBXGroup section */

/* Begin PBXNativeTarget section */
		05238F1E2264C1680092DF07 /* YipYipSwiftExample */ = {
			isa = PBXNativeTarget;
			buildConfigurationList = 05238F302264C1690092DF07 /* Build configuration list for PBXNativeTarget "YipYipSwiftExample" */;
			buildPhases = (
				306F98475FCBC9CB72FE9186 /* [CP] Check Pods Manifest.lock */,
				05238F1B2264C1680092DF07 /* Sources */,
				05238F1C2264C1680092DF07 /* Frameworks */,
				05238F1D2264C1680092DF07 /* Resources */,
				061B171B21469EF329F40DE5 /* [CP] Embed Pods Frameworks */,
			);
			buildRules = (
			);
			dependencies = (
			);
			name = YipYipSwiftExample;
			productName = YipYipSwiftExample;
			productReference = 05238F1F2264C1680092DF07 /* YipYipSwiftExample.app */;
			productType = "com.apple.product-type.application";
		};
		607FACE41AFB9204008FA782 /* YipYipSwift_Tests */ = {
			isa = PBXNativeTarget;
			buildConfigurationList = 607FACF21AFB9204008FA782 /* Build configuration list for PBXNativeTarget "YipYipSwift_Tests" */;
			buildPhases = (
				607FACE11AFB9204008FA782 /* Sources */,
				607FACE21AFB9204008FA782 /* Frameworks */,
				607FACE31AFB9204008FA782 /* Resources */,
			);
			buildRules = (
			);
			dependencies = (
			);
			name = YipYipSwift_Tests;
			productName = Tests;
			productReference = 607FACE51AFB9204008FA782 /* YipYipSwift_Tests.xctest */;
			productType = "com.apple.product-type.bundle.unit-test";
		};
/* End PBXNativeTarget section */

/* Begin PBXProject section */
		607FACC81AFB9204008FA782 /* Project object */ = {
			isa = PBXProject;
			attributes = {
				LastSwiftUpdateCheck = 1020;
				LastUpgradeCheck = 1250;
				ORGANIZATIONNAME = YipYip;
				TargetAttributes = {
					05238F1E2264C1680092DF07 = {
						CreatedOnToolsVersion = 10.2;
						DevelopmentTeam = 7298FDX4Y3;
						ProvisioningStyle = Automatic;
					};
					607FACE41AFB9204008FA782 = {
						CreatedOnToolsVersion = 6.3.1;
						DevelopmentTeam = 7298FDX4Y3;
						TestTargetID = 607FACCF1AFB9204008FA782;
					};
				};
			};
			buildConfigurationList = 607FACCB1AFB9204008FA782 /* Build configuration list for PBXProject "YipYipSwift" */;
			compatibilityVersion = "Xcode 3.2";
			developmentRegion = en;
			hasScannedForEncodings = 0;
			knownRegions = (
				en,
				Base,
			);
			mainGroup = 607FACC71AFB9204008FA782;
			productRefGroup = 607FACD11AFB9204008FA782 /* Products */;
			projectDirPath = "";
			projectRoot = "";
			targets = (
				607FACE41AFB9204008FA782 /* YipYipSwift_Tests */,
				05238F1E2264C1680092DF07 /* YipYipSwiftExample */,
			);
		};
/* End PBXProject section */

/* Begin PBXResourcesBuildPhase section */
		05238F1D2264C1680092DF07 /* Resources */ = {
			isa = PBXResourcesBuildPhase;
			buildActionMask = 2147483647;
			files = (
				05238F2C2264C1690092DF07 /* LaunchScreen.storyboard in Resources */,
				05238F292264C1690092DF07 /* Assets.xcassets in Resources */,
				4626D90E29CB784B0046145C /* CardView.xib in Resources */,
				4626D8F229CB53000046145C /* SwiftUI.storyboard in Resources */,
				05A8B51224AE2E7B009436BE /* PagedTableView.storyboard in Resources */,
				05A8B50F24AE2E6E009436BE /* EmptyDataView.xib in Resources */,
				05238F272264C1680092DF07 /* Main.storyboard in Resources */,
				05A8B51A24AEFA0A009436BE /* SafeAreaLayoutConstraint.storyboard in Resources */,
			);
			runOnlyForDeploymentPostprocessing = 0;
		};
		607FACE31AFB9204008FA782 /* Resources */ = {
			isa = PBXResourcesBuildPhase;
			buildActionMask = 2147483647;
			files = (
			);
			runOnlyForDeploymentPostprocessing = 0;
		};
/* End PBXResourcesBuildPhase section */

/* Begin PBXShellScriptBuildPhase section */
		061B171B21469EF329F40DE5 /* [CP] Embed Pods Frameworks */ = {
			isa = PBXShellScriptBuildPhase;
			buildActionMask = 2147483647;
			files = (
			);
			inputPaths = (
				"${PODS_ROOT}/Target Support Files/Pods-YipYipSwiftExample/Pods-YipYipSwiftExample-frameworks.sh",
				"${BUILT_PRODUCTS_DIR}/YipYipSwift/YipYipSwift.framework",
			);
			name = "[CP] Embed Pods Frameworks";
			outputPaths = (
				"${TARGET_BUILD_DIR}/${FRAMEWORKS_FOLDER_PATH}/YipYipSwift.framework",
			);
			runOnlyForDeploymentPostprocessing = 0;
			shellPath = /bin/sh;
			shellScript = "\"${PODS_ROOT}/Target Support Files/Pods-YipYipSwiftExample/Pods-YipYipSwiftExample-frameworks.sh\"\n";
			showEnvVarsInLog = 0;
		};
		306F98475FCBC9CB72FE9186 /* [CP] Check Pods Manifest.lock */ = {
			isa = PBXShellScriptBuildPhase;
			buildActionMask = 2147483647;
			files = (
			);
			inputFileListPaths = (
			);
			inputPaths = (
				"${PODS_PODFILE_DIR_PATH}/Podfile.lock",
				"${PODS_ROOT}/Manifest.lock",
			);
			name = "[CP] Check Pods Manifest.lock";
			outputFileListPaths = (
			);
			outputPaths = (
				"$(DERIVED_FILE_DIR)/Pods-YipYipSwiftExample-checkManifestLockResult.txt",
			);
			runOnlyForDeploymentPostprocessing = 0;
			shellPath = /bin/sh;
			shellScript = "diff \"${PODS_PODFILE_DIR_PATH}/Podfile.lock\" \"${PODS_ROOT}/Manifest.lock\" > /dev/null\nif [ $? != 0 ] ; then\n    # print error to STDERR\n    echo \"error: The sandbox is not in sync with the Podfile.lock. Run 'pod install' or update your CocoaPods installation.\" >&2\n    exit 1\nfi\n# This output is used by Xcode 'outputs' to avoid re-running this script phase.\necho \"SUCCESS\" > \"${SCRIPT_OUTPUT_FILE_0}\"\n";
			showEnvVarsInLog = 0;
		};
/* End PBXShellScriptBuildPhase section */

/* Begin PBXSourcesBuildPhase section */
		05238F1B2264C1680092DF07 /* Sources */ = {
			isa = PBXSourcesBuildPhase;
			buildActionMask = 2147483647;
			files = (
				4626D8FD29CB691B0046145C /* SwiftUIMainState.swift in Sources */,
				4626D90929CB74280046145C /* SwiftUIDemoViewController.swift in Sources */,
				4626D8FA29CB56C10046145C /* SwiftUIMain.swift in Sources */,
				05A8B50C24AE2E6E009436BE /* TestDataViewModel.swift in Sources */,
				4626D90B29CB762B0046145C /* ButtonViewHostingView.swift in Sources */,
				05A8B51824AEF9D2009436BE /* SafeAreaLayoutConstraintViewController.swift in Sources */,
				05A8B50D24AE2E6E009436BE /* TestTableViewDataSource.swift in Sources */,
				4626D90229CB6B190046145C /* ViewControllerFactory.swift in Sources */,
				4626D90729CB72CF0046145C /* ButtonView.swift in Sources */,
				4626D8FF29CB6AC90046145C /* PagedTableViewViewControllerRepresentable.swift in Sources */,
				05A8B50E24AE2E6E009436BE /* EmptyDataView.swift in Sources */,
				4661D60329CB7A21005D952D /* CardViewIntrinsicHeightRepresentable.swift in Sources */,
				4661D60629CC5589005D952D /* CardViewIntrinsicWidthRepresentable.swift in Sources */,
				05238F242264C1680092DF07 /* ViewController.swift in Sources */,
				05A8B51024AE2E6E009436BE /* CustomTableView.swift in Sources */,
				05238F222264C1680092DF07 /* AppDelegate.swift in Sources */,
				05A8B50B24AE2E6E009436BE /* PagedTableViewViewController.swift in Sources */,
				4626D91029CB785B0046145C /* CardView.swift in Sources */,
				4626D8F429CB534D0046145C /* SwiftUIViewController.swift in Sources */,
			);
			runOnlyForDeploymentPostprocessing = 0;
		};
		607FACE11AFB9204008FA782 /* Sources */ = {
			isa = PBXSourcesBuildPhase;
			buildActionMask = 2147483647;
			files = (
				607FACEC1AFB9204008FA782 /* Tests.swift in Sources */,
			);
			runOnlyForDeploymentPostprocessing = 0;
		};
/* End PBXSourcesBuildPhase section */

/* Begin PBXVariantGroup section */
		05238F252264C1680092DF07 /* Main.storyboard */ = {
			isa = PBXVariantGroup;
			children = (
				05238F262264C1680092DF07 /* Base */,
			);
			name = Main.storyboard;
			sourceTree = "<group>";
		};
		05238F2A2264C1690092DF07 /* LaunchScreen.storyboard */ = {
			isa = PBXVariantGroup;
			children = (
				05238F2B2264C1690092DF07 /* Base */,
			);
			name = LaunchScreen.storyboard;
			sourceTree = "<group>";
		};
/* End PBXVariantGroup section */

/* Begin XCBuildConfiguration section */
		05238F2E2264C1690092DF07 /* Debug */ = {
			isa = XCBuildConfiguration;
			baseConfigurationReference = EFCDB1436146EE17B62D2269 /* Pods-YipYipSwiftExample.debug.xcconfig */;
			buildSettings = {
				ASSETCATALOG_COMPILER_APPICON_NAME = AppIcon;
				CLANG_ANALYZER_NONNULL = YES;
				CLANG_ANALYZER_NUMBER_OBJECT_CONVERSION = YES_AGGRESSIVE;
				CLANG_CXX_LANGUAGE_STANDARD = "gnu++14";
				CLANG_ENABLE_OBJC_WEAK = YES;
				CLANG_WARN_BLOCK_CAPTURE_AUTORELEASING = YES;
				CLANG_WARN_COMMA = YES;
				CLANG_WARN_DEPRECATED_OBJC_IMPLEMENTATIONS = YES;
				CLANG_WARN_DOCUMENTATION_COMMENTS = YES;
				CLANG_WARN_INFINITE_RECURSION = YES;
				CLANG_WARN_NON_LITERAL_NULL_CONVERSION = YES;
				CLANG_WARN_OBJC_IMPLICIT_RETAIN_SELF = YES;
				CLANG_WARN_OBJC_LITERAL_CONVERSION = YES;
				CLANG_WARN_RANGE_LOOP_ANALYSIS = YES;
				CLANG_WARN_STRICT_PROTOTYPES = YES;
				CLANG_WARN_SUSPICIOUS_MOVE = YES;
				CLANG_WARN_UNGUARDED_AVAILABILITY = YES_AGGRESSIVE;
				CODE_SIGN_IDENTITY = "iPhone Developer";
				CODE_SIGN_STYLE = Automatic;
				CURRENT_PROJECT_VERSION = 1;
				DEBUG_INFORMATION_FORMAT = dwarf;
				DEVELOPMENT_TEAM = 7298FDX4Y3;
				GCC_C_LANGUAGE_STANDARD = gnu11;
				INFOPLIST_FILE = YipYipSwiftExample/Info.plist;
				IPHONEOS_DEPLOYMENT_TARGET = 15.0;
				LD_RUNPATH_SEARCH_PATHS = "$(inherited) @executable_path/Frameworks";
				MARKETING_VERSION = 2.2.1;
				MTL_ENABLE_DEBUG_INFO = INCLUDE_SOURCE;
				MTL_FAST_MATH = YES;
				PRODUCT_BUNDLE_IDENTIFIER = nl.yipyip.YipYipSwiftExample;
				PRODUCT_NAME = "$(TARGET_NAME)";
				SWIFT_ACTIVE_COMPILATION_CONDITIONS = DEBUG;
				SWIFT_VERSION = 5.0;
				TARGETED_DEVICE_FAMILY = "1,2";
			};
			name = Debug;
		};
		05238F2F2264C1690092DF07 /* Release */ = {
			isa = XCBuildConfiguration;
			baseConfigurationReference = AB3C40829DC8F33B6F107C29 /* Pods-YipYipSwiftExample.release.xcconfig */;
			buildSettings = {
				ASSETCATALOG_COMPILER_APPICON_NAME = AppIcon;
				CLANG_ANALYZER_NONNULL = YES;
				CLANG_ANALYZER_NUMBER_OBJECT_CONVERSION = YES_AGGRESSIVE;
				CLANG_CXX_LANGUAGE_STANDARD = "gnu++14";
				CLANG_ENABLE_OBJC_WEAK = YES;
				CLANG_WARN_BLOCK_CAPTURE_AUTORELEASING = YES;
				CLANG_WARN_COMMA = YES;
				CLANG_WARN_DEPRECATED_OBJC_IMPLEMENTATIONS = YES;
				CLANG_WARN_DOCUMENTATION_COMMENTS = YES;
				CLANG_WARN_INFINITE_RECURSION = YES;
				CLANG_WARN_NON_LITERAL_NULL_CONVERSION = YES;
				CLANG_WARN_OBJC_IMPLICIT_RETAIN_SELF = YES;
				CLANG_WARN_OBJC_LITERAL_CONVERSION = YES;
				CLANG_WARN_RANGE_LOOP_ANALYSIS = YES;
				CLANG_WARN_STRICT_PROTOTYPES = YES;
				CLANG_WARN_SUSPICIOUS_MOVE = YES;
				CLANG_WARN_UNGUARDED_AVAILABILITY = YES_AGGRESSIVE;
				CODE_SIGN_IDENTITY = "iPhone Developer";
				CODE_SIGN_STYLE = Automatic;
				CURRENT_PROJECT_VERSION = 1;
				DEVELOPMENT_TEAM = 7298FDX4Y3;
				GCC_C_LANGUAGE_STANDARD = gnu11;
				INFOPLIST_FILE = YipYipSwiftExample/Info.plist;
				IPHONEOS_DEPLOYMENT_TARGET = 15.0;
				LD_RUNPATH_SEARCH_PATHS = "$(inherited) @executable_path/Frameworks";
				MARKETING_VERSION = 2.2.1;
				MTL_FAST_MATH = YES;
				PRODUCT_BUNDLE_IDENTIFIER = nl.yipyip.YipYipSwiftExample;
				PRODUCT_NAME = "$(TARGET_NAME)";
				SWIFT_OPTIMIZATION_LEVEL = "-Owholemodule";
				SWIFT_VERSION = 5.0;
				TARGETED_DEVICE_FAMILY = "1,2";
			};
			name = Release;
		};
		607FACED1AFB9204008FA782 /* Debug */ = {
			isa = XCBuildConfiguration;
			buildSettings = {
				ALWAYS_SEARCH_USER_PATHS = NO;
				CLANG_ANALYZER_LOCALIZABILITY_NONLOCALIZED = YES;
				CLANG_CXX_LANGUAGE_STANDARD = "gnu++0x";
				CLANG_CXX_LIBRARY = "libc++";
				CLANG_ENABLE_MODULES = YES;
				CLANG_ENABLE_OBJC_ARC = YES;
				CLANG_WARN_BLOCK_CAPTURE_AUTORELEASING = YES;
				CLANG_WARN_BOOL_CONVERSION = YES;
				CLANG_WARN_COMMA = YES;
				CLANG_WARN_CONSTANT_CONVERSION = YES;
				CLANG_WARN_DEPRECATED_OBJC_IMPLEMENTATIONS = YES;
				CLANG_WARN_DIRECT_OBJC_ISA_USAGE = YES_ERROR;
				CLANG_WARN_EMPTY_BODY = YES;
				CLANG_WARN_ENUM_CONVERSION = YES;
				CLANG_WARN_INFINITE_RECURSION = YES;
				CLANG_WARN_INT_CONVERSION = YES;
				CLANG_WARN_NON_LITERAL_NULL_CONVERSION = YES;
				CLANG_WARN_OBJC_IMPLICIT_RETAIN_SELF = YES;
				CLANG_WARN_OBJC_LITERAL_CONVERSION = YES;
				CLANG_WARN_OBJC_ROOT_CLASS = YES_ERROR;
				CLANG_WARN_RANGE_LOOP_ANALYSIS = YES;
				CLANG_WARN_STRICT_PROTOTYPES = YES;
				CLANG_WARN_SUSPICIOUS_MOVE = YES;
				CLANG_WARN_UNREACHABLE_CODE = YES;
				CLANG_WARN__DUPLICATE_METHOD_MATCH = YES;
				"CODE_SIGN_IDENTITY[sdk=iphoneos*]" = "iPhone Developer";
				COPY_PHASE_STRIP = NO;
				DEBUG_INFORMATION_FORMAT = "dwarf-with-dsym";
				ENABLE_STRICT_OBJC_MSGSEND = YES;
				ENABLE_TESTABILITY = YES;
				GCC_C_LANGUAGE_STANDARD = gnu99;
				GCC_DYNAMIC_NO_PIC = NO;
				GCC_NO_COMMON_BLOCKS = YES;
				GCC_OPTIMIZATION_LEVEL = 0;
				GCC_PREPROCESSOR_DEFINITIONS = (
					"DEBUG=1",
					"$(inherited)",
				);
				GCC_SYMBOLS_PRIVATE_EXTERN = NO;
				GCC_WARN_64_TO_32_BIT_CONVERSION = YES;
				GCC_WARN_ABOUT_RETURN_TYPE = YES_ERROR;
				GCC_WARN_UNDECLARED_SELECTOR = YES;
				GCC_WARN_UNINITIALIZED_AUTOS = YES_AGGRESSIVE;
				GCC_WARN_UNUSED_FUNCTION = YES;
				GCC_WARN_UNUSED_VARIABLE = YES;
				IPHONEOS_DEPLOYMENT_TARGET = 8.3;
				MTL_ENABLE_DEBUG_INFO = YES;
				ONLY_ACTIVE_ARCH = YES;
				SDKROOT = iphoneos;
				SWIFT_OPTIMIZATION_LEVEL = "-Onone";
			};
			name = Debug;
		};
		607FACEE1AFB9204008FA782 /* Release */ = {
			isa = XCBuildConfiguration;
			buildSettings = {
				ALWAYS_SEARCH_USER_PATHS = NO;
				CLANG_ANALYZER_LOCALIZABILITY_NONLOCALIZED = YES;
				CLANG_CXX_LANGUAGE_STANDARD = "gnu++0x";
				CLANG_CXX_LIBRARY = "libc++";
				CLANG_ENABLE_MODULES = YES;
				CLANG_ENABLE_OBJC_ARC = YES;
				CLANG_WARN_BLOCK_CAPTURE_AUTORELEASING = YES;
				CLANG_WARN_BOOL_CONVERSION = YES;
				CLANG_WARN_COMMA = YES;
				CLANG_WARN_CONSTANT_CONVERSION = YES;
				CLANG_WARN_DEPRECATED_OBJC_IMPLEMENTATIONS = YES;
				CLANG_WARN_DIRECT_OBJC_ISA_USAGE = YES_ERROR;
				CLANG_WARN_EMPTY_BODY = YES;
				CLANG_WARN_ENUM_CONVERSION = YES;
				CLANG_WARN_INFINITE_RECURSION = YES;
				CLANG_WARN_INT_CONVERSION = YES;
				CLANG_WARN_NON_LITERAL_NULL_CONVERSION = YES;
				CLANG_WARN_OBJC_IMPLICIT_RETAIN_SELF = YES;
				CLANG_WARN_OBJC_LITERAL_CONVERSION = YES;
				CLANG_WARN_OBJC_ROOT_CLASS = YES_ERROR;
				CLANG_WARN_RANGE_LOOP_ANALYSIS = YES;
				CLANG_WARN_STRICT_PROTOTYPES = YES;
				CLANG_WARN_SUSPICIOUS_MOVE = YES;
				CLANG_WARN_UNREACHABLE_CODE = YES;
				CLANG_WARN__DUPLICATE_METHOD_MATCH = YES;
				"CODE_SIGN_IDENTITY[sdk=iphoneos*]" = "iPhone Developer";
				COPY_PHASE_STRIP = NO;
				DEBUG_INFORMATION_FORMAT = "dwarf-with-dsym";
				ENABLE_NS_ASSERTIONS = NO;
				ENABLE_STRICT_OBJC_MSGSEND = YES;
				GCC_C_LANGUAGE_STANDARD = gnu99;
				GCC_NO_COMMON_BLOCKS = YES;
				GCC_WARN_64_TO_32_BIT_CONVERSION = YES;
				GCC_WARN_ABOUT_RETURN_TYPE = YES_ERROR;
				GCC_WARN_UNDECLARED_SELECTOR = YES;
				GCC_WARN_UNINITIALIZED_AUTOS = YES_AGGRESSIVE;
				GCC_WARN_UNUSED_FUNCTION = YES;
				GCC_WARN_UNUSED_VARIABLE = YES;
				IPHONEOS_DEPLOYMENT_TARGET = 8.3;
				MTL_ENABLE_DEBUG_INFO = NO;
				SDKROOT = iphoneos;
				SWIFT_COMPILATION_MODE = wholemodule;
				VALIDATE_PRODUCT = YES;
			};
			name = Release;
		};
		607FACF31AFB9204008FA782 /* Debug */ = {
			isa = XCBuildConfiguration;
			buildSettings = {
				DEVELOPMENT_TEAM = 7298FDX4Y3;
				FRAMEWORK_SEARCH_PATHS = (
					"$(SDKROOT)/Developer/Library/Frameworks",
					"$(inherited)",
				);
				GCC_PREPROCESSOR_DEFINITIONS = (
					"DEBUG=1",
					"$(inherited)",
				);
				INFOPLIST_FILE = Tests/Info.plist;
				LD_RUNPATH_SEARCH_PATHS = "$(inherited) @executable_path/Frameworks @loader_path/Frameworks";
				PRODUCT_BUNDLE_IDENTIFIER = "org.cocoapods.$(PRODUCT_NAME:rfc1034identifier)";
				PRODUCT_NAME = "$(TARGET_NAME)";
				SWIFT_VERSION = 5.0;
				TEST_HOST = "$(BUILT_PRODUCTS_DIR)/YipYipSwift_Example.app/YipYipSwift_Example";
			};
			name = Debug;
		};
		607FACF41AFB9204008FA782 /* Release */ = {
			isa = XCBuildConfiguration;
			buildSettings = {
				DEVELOPMENT_TEAM = 7298FDX4Y3;
				FRAMEWORK_SEARCH_PATHS = (
					"$(SDKROOT)/Developer/Library/Frameworks",
					"$(inherited)",
				);
				INFOPLIST_FILE = Tests/Info.plist;
				LD_RUNPATH_SEARCH_PATHS = "$(inherited) @executable_path/Frameworks @loader_path/Frameworks";
				PRODUCT_BUNDLE_IDENTIFIER = "org.cocoapods.$(PRODUCT_NAME:rfc1034identifier)";
				PRODUCT_NAME = "$(TARGET_NAME)";
				SWIFT_VERSION = 5.0;
				TEST_HOST = "$(BUILT_PRODUCTS_DIR)/YipYipSwift_Example.app/YipYipSwift_Example";
			};
			name = Release;
		};
/* End XCBuildConfiguration section */

/* Begin XCConfigurationList section */
		05238F302264C1690092DF07 /* Build configuration list for PBXNativeTarget "YipYipSwiftExample" */ = {
			isa = XCConfigurationList;
			buildConfigurations = (
				05238F2E2264C1690092DF07 /* Debug */,
				05238F2F2264C1690092DF07 /* Release */,
			);
			defaultConfigurationIsVisible = 0;
			defaultConfigurationName = Release;
		};
		607FACCB1AFB9204008FA782 /* Build configuration list for PBXProject "YipYipSwift" */ = {
			isa = XCConfigurationList;
			buildConfigurations = (
				607FACED1AFB9204008FA782 /* Debug */,
				607FACEE1AFB9204008FA782 /* Release */,
			);
			defaultConfigurationIsVisible = 0;
			defaultConfigurationName = Release;
		};
		607FACF21AFB9204008FA782 /* Build configuration list for PBXNativeTarget "YipYipSwift_Tests" */ = {
			isa = XCConfigurationList;
			buildConfigurations = (
				607FACF31AFB9204008FA782 /* Debug */,
				607FACF41AFB9204008FA782 /* Release */,
			);
			defaultConfigurationIsVisible = 0;
			defaultConfigurationName = Release;
		};
/* End XCConfigurationList section */
	};
	rootObject = 607FACC81AFB9204008FA782 /* Project object */;
}
